
Microsoft Visual Studio Solution File, Format Version 12.00
Project("{FAE04EC0-301F-11D3-BF4B-00C04F79EFBC}") = "Tortiki", "Tortiki\Tortiki.csproj", "{33E7148D-70A9-4D2D-BB48-CA80B0873925}"
EndProject
Global
	GlobalSection(SolutionConfigurationPlatforms) = preSolution
		Debug|Any CPU = Debug|Any CPU
		Release|Any CPU = Release|Any CPU
	EndGlobalSection
	GlobalSection(ProjectConfigurationPlatforms) = postSolution
		{33E7148D-70A9-4D2D-BB48-CA80B0873925}.Debug|Any CPU.ActiveCfg = Debug|Any CPU
		{33E7148D-70A9-4D2D-BB48-CA80B0873925}.Debug|Any CPU.Build.0 = Debug|Any CPU
		{33E7148D-70A9-4D2D-BB48-CA80B0873925}.Release|Any CPU.ActiveCfg = Release|Any CPU
		{33E7148D-70A9-4D2D-BB48-CA80B0873925}.Release|Any CPU.Build.0 = Release|Any CPU
	EndGlobalSection
EndGlobal
